
Microsoft Visual Studio Solution File, Format Version 12.00
# Visual Studio Version 17
VisualStudioVersion = 17.14.36105.17 d17.14
MinimumVisualStudioVersion = 10.0.40219.1
Project("{FAE04EC0-301F-11D3-BF4B-00C04F79EFBC}") = "RestaurantBilling_System", "RestaurantBilling_System\RestaurantBilling_System.csproj", "{203DF74C-04FD-4D6D-9917-2D98E1DA949C}"
EndProject
Global
	GlobalSection(SolutionConfigurationPlatforms) = preSolution
		Debug|Any CPU = Debug|Any CPU
		Release|Any CPU = Release|Any CPU
	EndGlobalSection
	GlobalSection(ProjectConfigurationPlatforms) = postSolution
		{203DF74C-04FD-4D6D-9917-2D98E1DA949C}.Debug|Any CPU.ActiveCfg = Debug|Any CPU
		{203DF74C-04FD-4D6D-9917-2D98E1DA949C}.Debug|Any CPU.Build.0 = Debug|Any CPU
		{203DF74C-04FD-4D6D-9917-2D98E1DA949C}.Release|Any CPU.ActiveCfg = Release|Any CPU
		{203DF74C-04FD-4D6D-9917-2D98E1DA949C}.Release|Any CPU.Build.0 = Release|Any CPU
	EndGlobalSection
	GlobalSection(SolutionProperties) = preSolution
		HideSolutionNode = FALSE
	EndGlobalSection
	GlobalSection(ExtensibilityGlobals) = postSolution
		SolutionGuid = {EE4E54A0-CADD-4F62-A863-3A60440BCEC0}
	EndGlobalSection
EndGlobal
