
Microsoft Visual Studio Solution File, Format Version 12.00
# Visual Studio Version 17
VisualStudioVersion = 17.14.36105.17
MinimumVisualStudioVersion = 10.0.40219.1
Project("{FAE04EC0-301F-11D3-BF4B-00C04F79EFBC}") = "FilterEx", "FilterEx\FilterEx.csproj", "{270063AA-DBF7-40A7-A694-E86660FBC684}"
EndProject
Global
	GlobalSection(SolutionConfigurationPlatforms) = preSolution
		Debug|Any CPU = Debug|Any CPU
		Release|Any CPU = Release|Any CPU
	EndGlobalSection
	GlobalSection(ProjectConfigurationPlatforms) = postSolution
		{270063AA-DBF7-40A7-A694-E86660FBC684}.Debug|Any CPU.ActiveCfg = Debug|Any CPU
		{270063AA-DBF7-40A7-A694-E86660FBC684}.Debug|Any CPU.Build.0 = Debug|Any CPU
		{270063AA-DBF7-40A7-A694-E86660FBC684}.Release|Any CPU.ActiveCfg = Release|Any CPU
		{270063AA-DBF7-40A7-A694-E86660FBC684}.Release|Any CPU.Build.0 = Release|Any CPU
	EndGlobalSection
	GlobalSection(SolutionProperties) = preSolution
		HideSolutionNode = FALSE
	EndGlobalSection
	GlobalSection(ExtensibilityGlobals) = postSolution
		SolutionGuid = {FECFE987-A4F7-4B26-8AE3-8A40222CF25D}
	EndGlobalSection
EndGlobal
