
Microsoft Visual Studio Solution File, Format Version 12.00
# Visual Studio Version 17
VisualStudioVersion = 17.14.36105.17 d17.14
MinimumVisualStudioVersion = 10.0.40219.1
Project("{FAE04EC0-301F-11D3-BF4B-00C04F79EFBC}") = "EfCoreTutorial", "EfCoreTutorial\EfCoreTutorial.csproj", "{F5F06E19-90D2-4C69-B852-F0F84A103A20}"
EndProject
Global
	GlobalSection(SolutionConfigurationPlatforms) = preSolution
		Debug|Any CPU = Debug|Any CPU
		Release|Any CPU = Release|Any CPU
	EndGlobalSection
	GlobalSection(ProjectConfigurationPlatforms) = postSolution
		{F5F06E19-90D2-4C69-B852-F0F84A103A20}.Debug|Any CPU.ActiveCfg = Debug|Any CPU
		{F5F06E19-90D2-4C69-B852-F0F84A103A20}.Debug|Any CPU.Build.0 = Debug|Any CPU
		{F5F06E19-90D2-4C69-B852-F0F84A103A20}.Release|Any CPU.ActiveCfg = Release|Any CPU
		{F5F06E19-90D2-4C69-B852-F0F84A103A20}.Release|Any CPU.Build.0 = Release|Any CPU
	EndGlobalSection
	GlobalSection(SolutionProperties) = preSolution
		HideSolutionNode = FALSE
	EndGlobalSection
	GlobalSection(ExtensibilityGlobals) = postSolution
		SolutionGuid = {44620593-8DF4-47FE-9F13-117A0421843B}
	EndGlobalSection
EndGlobal
